
Microsoft Visual Studio Solution File, Format Version 12.00
# Visual Studio Version 17
VisualStudioVersion = 17.14.36811.4 d17.14
MinimumVisualStudioVersion = 10.0.40219.1
Project("{FAE04EC0-301F-11D3-BF4B-00C04F79EFBC}") = "finals", "finals.csproj", "{1E140E3C-8C65-4410-8D76-6D688086FF43}"
EndProject
Global
	GlobalSection(SolutionConfigurationPlatforms) = preSolution
		Debug|Any CPU = Debug|Any CPU
		Release|Any CPU = Release|Any CPU
	EndGlobalSection
	GlobalSection(ProjectConfigurationPlatforms) = postSolution
		{1E140E3C-8C65-4410-8D76-6D688086FF43}.Debug|Any CPU.ActiveCfg = Debug|Any CPU
		{1E140E3C-8C65-4410-8D76-6D688086FF43}.Debug|Any CPU.Build.0 = Debug|Any CPU
		{1E140E3C-8C65-4410-8D76-6D688086FF43}.Release|Any CPU.ActiveCfg = Release|Any CPU
		{1E140E3C-8C65-4410-8D76-6D688086FF43}.Release|Any CPU.Build.0 = Release|Any CPU
	EndGlobalSection
	GlobalSection(SolutionProperties) = preSolution
		HideSolutionNode = FALSE
	EndGlobalSection
	GlobalSection(ExtensibilityGlobals) = postSolution
		SolutionGuid = {499A09BC-29FE-45A7-820F-CCCFDC6F1647}
	EndGlobalSection
EndGlobal
